
Microsoft Visual Studio Solution File, Format Version 12.00
# Visual Studio Version 17
VisualStudioVersion = 17.7.34202.233
MinimumVisualStudioVersion = 10.0.40219.1
Project("{FAE04EC0-301F-11D3-BF4B-00C04F79EFBC}") = "parte 1 do teste", "parte 1 do teste\parte 1 do teste.csproj", "{B33B5EE2-4A75-462D-97E0-39FBAE2BD4C3}"
EndProject
Global
	GlobalSection(SolutionConfigurationPlatforms) = preSolution
		Debug|Any CPU = Debug|Any CPU
		Release|Any CPU = Release|Any CPU
	EndGlobalSection
	GlobalSection(ProjectConfigurationPlatforms) = postSolution
		{B33B5EE2-4A75-462D-97E0-39FBAE2BD4C3}.Debug|Any CPU.ActiveCfg = Debug|Any CPU
		{B33B5EE2-4A75-462D-97E0-39FBAE2BD4C3}.Debug|Any CPU.Build.0 = Debug|Any CPU
		{B33B5EE2-4A75-462D-97E0-39FBAE2BD4C3}.Release|Any CPU.ActiveCfg = Release|Any CPU
		{B33B5EE2-4A75-462D-97E0-39FBAE2BD4C3}.Release|Any CPU.Build.0 = Release|Any CPU
	EndGlobalSection
	GlobalSection(SolutionProperties) = preSolution
		HideSolutionNode = FALSE
	EndGlobalSection
	GlobalSection(ExtensibilityGlobals) = postSolution
		SolutionGuid = {3224427B-71BF-45AE-AD02-3C73D9BE160B}
	EndGlobalSection
EndGlobal
